
Microsoft Visual Studio Solution File, Format Version 12.00
# Visual Studio Version 16
VisualStudioVersion = 16.0.31129.286
MinimumVisualStudioVersion = 10.0.40219.1
Project("{FAE04EC0-301F-11D3-BF4B-00C04F79EFBC}") = "Workle", "Workle\Workle.csproj", "{A5A36C2C-256C-4D83-BF2F-7F02B7F044F8}"
EndProject
Global
	GlobalSection(SolutionConfigurationPlatforms) = preSolution
		Debug|Any CPU = Debug|Any CPU
		Release|Any CPU = Release|Any CPU
	EndGlobalSection
	GlobalSection(ProjectConfigurationPlatforms) = postSolution
		{A5A36C2C-256C-4D83-BF2F-7F02B7F044F8}.Debug|Any CPU.ActiveCfg = Debug|Any CPU
		{A5A36C2C-256C-4D83-BF2F-7F02B7F044F8}.Debug|Any CPU.Build.0 = Debug|Any CPU
		{A5A36C2C-256C-4D83-BF2F-7F02B7F044F8}.Release|Any CPU.ActiveCfg = Release|Any CPU
		{A5A36C2C-256C-4D83-BF2F-7F02B7F044F8}.Release|Any CPU.Build.0 = Release|Any CPU
	EndGlobalSection
	GlobalSection(SolutionProperties) = preSolution
		HideSolutionNode = FALSE
	EndGlobalSection
	GlobalSection(ExtensibilityGlobals) = postSolution
		SolutionGuid = {424A736B-B84C-4A52-B50A-6E6AE58A9B8A}
	EndGlobalSection
EndGlobal
